
Microsoft Visual Studio Solution File, Format Version 12.00
# Visual Studio Version 17
VisualStudioVersion = 17.7.33920.267
MinimumVisualStudioVersion = 10.0.40219.1
Project("{FAE04EC0-301F-11D3-BF4B-00C04F79EFBC}") = "ShopOnline.Web", "ShopOnline.Web\ShopOnline.Web.csproj", "{CD32520B-3E14-49E4-A562-9EEBB18D3818}"
EndProject
Project("{FAE04EC0-301F-11D3-BF4B-00C04F79EFBC}") = "ShopOnline.Api", "ShopOnline.Api\ShopOnline.Api.csproj", "{AD5A10D9-F3EF-421C-AFD0-D6C7A8F8DB1D}"
EndProject
Project("{FAE04EC0-301F-11D3-BF4B-00C04F79EFBC}") = "ShopOnline.Models", "ShopOnline.Models\ShopOnline.Models.csproj", "{0E637758-7918-4614-AB49-F0C5CA9CAF75}"
EndProject
Global
	GlobalSection(SolutionConfigurationPlatforms) = preSolution
		Debug|Any CPU = Debug|Any CPU
		Release|Any CPU = Release|Any CPU
	EndGlobalSection
	GlobalSection(ProjectConfigurationPlatforms) = postSolution
		{CD32520B-3E14-49E4-A562-9EEBB18D3818}.Debug|Any CPU.ActiveCfg = Debug|Any CPU
		{CD32520B-3E14-49E4-A562-9EEBB18D3818}.Debug|Any CPU.Build.0 = Debug|Any CPU
		{CD32520B-3E14-49E4-A562-9EEBB18D3818}.Release|Any CPU.ActiveCfg = Release|Any CPU
		{CD32520B-3E14-49E4-A562-9EEBB18D3818}.Release|Any CPU.Build.0 = Release|Any CPU
		{AD5A10D9-F3EF-421C-AFD0-D6C7A8F8DB1D}.Debug|Any CPU.ActiveCfg = Debug|Any CPU
		{AD5A10D9-F3EF-421C-AFD0-D6C7A8F8DB1D}.Debug|Any CPU.Build.0 = Debug|Any CPU
		{AD5A10D9-F3EF-421C-AFD0-D6C7A8F8DB1D}.Release|Any CPU.ActiveCfg = Release|Any CPU
		{AD5A10D9-F3EF-421C-AFD0-D6C7A8F8DB1D}.Release|Any CPU.Build.0 = Release|Any CPU
		{0E637758-7918-4614-AB49-F0C5CA9CAF75}.Debug|Any CPU.ActiveCfg = Debug|Any CPU
		{0E637758-7918-4614-AB49-F0C5CA9CAF75}.Debug|Any CPU.Build.0 = Debug|Any CPU
		{0E637758-7918-4614-AB49-F0C5CA9CAF75}.Release|Any CPU.ActiveCfg = Release|Any CPU
		{0E637758-7918-4614-AB49-F0C5CA9CAF75}.Release|Any CPU.Build.0 = Release|Any CPU
	EndGlobalSection
	GlobalSection(SolutionProperties) = preSolution
		HideSolutionNode = FALSE
	EndGlobalSection
	GlobalSection(ExtensibilityGlobals) = postSolution
		SolutionGuid = {66DE53FB-1DAB-4F22-981B-5094E1BB5E95}
	EndGlobalSection
EndGlobal
